
Microsoft Visual Studio Solution File, Format Version 12.00
# Visual Studio Version 17
VisualStudioVersion = 17.4.33213.308
MinimumVisualStudioVersion = 10.0.40219.1
Project("{FAE04EC0-301F-11D3-BF4B-00C04F79EFBC}") = "Productos", "Productos\Productos.csproj", "{8CC0E317-48F0-4687-89D4-A16267EDA38F}"
EndProject
Global
	GlobalSection(SolutionConfigurationPlatforms) = preSolution
		Debug|Any CPU = Debug|Any CPU
		Release|Any CPU = Release|Any CPU
	EndGlobalSection
	GlobalSection(ProjectConfigurationPlatforms) = postSolution
		{8CC0E317-48F0-4687-89D4-A16267EDA38F}.Debug|Any CPU.ActiveCfg = Debug|Any CPU
		{8CC0E317-48F0-4687-89D4-A16267EDA38F}.Debug|Any CPU.Build.0 = Debug|Any CPU
		{8CC0E317-48F0-4687-89D4-A16267EDA38F}.Release|Any CPU.ActiveCfg = Release|Any CPU
		{8CC0E317-48F0-4687-89D4-A16267EDA38F}.Release|Any CPU.Build.0 = Release|Any CPU
	EndGlobalSection
	GlobalSection(SolutionProperties) = preSolution
		HideSolutionNode = FALSE
	EndGlobalSection
	GlobalSection(ExtensibilityGlobals) = postSolution
		SolutionGuid = {6A28CFFA-E4D3-4B72-BF36-66E36664776E}
	EndGlobalSection
EndGlobal
